// !$*UTF8*$!
{
	archiveVersion = 1;
	classes = {
	};
	objectVersion = 51;
	objects = {

/* Begin PBXBuildFile section */
		07952DB62E71C677E969C48F /* Pods_desafio_ios_caio_oliveira.framework in Frameworks */ = {isa = PBXBuildFile; fileRef = 180B80B659B2FC1281D0C586 /* Pods_desafio_ios_caio_oliveira.framework */; };
		38A1454B2439791400A5425C /* AppDelegate.swift in Sources */ = {isa = PBXBuildFile; fileRef = 38A1454A2439791400A5425C /* AppDelegate.swift */; };
		38A1454D2439791400A5425C /* SceneDelegate.swift in Sources */ = {isa = PBXBuildFile; fileRef = 38A1454C2439791400A5425C /* SceneDelegate.swift */; };
		38A1454F2439791400A5425C /* ViewController.swift in Sources */ = {isa = PBXBuildFile; fileRef = 38A1454E2439791400A5425C /* ViewController.swift */; };
		38A145522439791400A5425C /* Main.storyboard in Resources */ = {isa = PBXBuildFile; fileRef = 38A145502439791400A5425C /* Main.storyboard */; };
		38A145542439791500A5425C /* Assets.xcassets in Resources */ = {isa = PBXBuildFile; fileRef = 38A145532439791500A5425C /* Assets.xcassets */; };
		38A145572439791500A5425C /* LaunchScreen.storyboard in Resources */ = {isa = PBXBuildFile; fileRef = 38A145552439791500A5425C /* LaunchScreen.storyboard */; };
		38A145692439815600A5425C /* Hero.swift in Sources */ = {isa = PBXBuildFile; fileRef = 38A145622439815500A5425C /* Hero.swift */; };
		38A1456A2439815600A5425C /* Items.swift in Sources */ = {isa = PBXBuildFile; fileRef = 38A145632439815500A5425C /* Items.swift */; };
		38A1456B2439815600A5425C /* Data.swift in Sources */ = {isa = PBXBuildFile; fileRef = 38A145642439815600A5425C /* Data.swift */; };
		38A1456C2439815600A5425C /* Thumbnail.swift in Sources */ = {isa = PBXBuildFile; fileRef = 38A145652439815600A5425C /* Thumbnail.swift */; };
		38A1456D2439815600A5425C /* Series.swift in Sources */ = {isa = PBXBuildFile; fileRef = 38A145662439815600A5425C /* Series.swift */; };
		38A1456E2439815600A5425C /* Comics.swift in Sources */ = {isa = PBXBuildFile; fileRef = 38A145672439815600A5425C /* Comics.swift */; };
		38A1456F2439815600A5425C /* MarvelObject.swift in Sources */ = {isa = PBXBuildFile; fileRef = 38A145682439815600A5425C /* MarvelObject.swift */; };
		38A145712439859D00A5425C /* HeroesViewCell.swift in Sources */ = {isa = PBXBuildFile; fileRef = 38A145702439859D00A5425C /* HeroesViewCell.swift */; };
/* End PBXBuildFile section */

/* Begin PBXFileReference section */
		180B80B659B2FC1281D0C586 /* Pods_desafio_ios_caio_oliveira.framework */ = {isa = PBXFileReference; explicitFileType = wrapper.framework; includeInIndex = 0; path = Pods_desafio_ios_caio_oliveira.framework; sourceTree = BUILT_PRODUCTS_DIR; };
		38A145472439791400A5425C /* desafio-ios-caio-oliveira.app */ = {isa = PBXFileReference; explicitFileType = wrapper.application; includeInIndex = 0; path = "desafio-ios-caio-oliveira.app"; sourceTree = BUILT_PRODUCTS_DIR; };
		38A1454A2439791400A5425C /* AppDelegate.swift */ = {isa = PBXFileReference; lastKnownFileType = sourcecode.swift; path = AppDelegate.swift; sourceTree = "<group>"; };
		38A1454C2439791400A5425C /* SceneDelegate.swift */ = {isa = PBXFileReference; lastKnownFileType = sourcecode.swift; path = SceneDelegate.swift; sourceTree = "<group>"; };
		38A1454E2439791400A5425C /* ViewController.swift */ = {isa = PBXFileReference; lastKnownFileType = sourcecode.swift; path = ViewController.swift; sourceTree = "<group>"; };
		38A145512439791400A5425C /* Base */ = {isa = PBXFileReference; lastKnownFileType = file.storyboard; name = Base; path = Base.lproj/Main.storyboard; sourceTree = "<group>"; };
		38A145532439791500A5425C /* Assets.xcassets */ = {isa = PBXFileReference; lastKnownFileType = folder.assetcatalog; path = Assets.xcassets; sourceTree = "<group>"; };
		38A145562439791500A5425C /* Base */ = {isa = PBXFileReference; lastKnownFileType = file.storyboard; name = Base; path = Base.lproj/LaunchScreen.storyboard; sourceTree = "<group>"; };
		38A145582439791500A5425C /* Info.plist */ = {isa = PBXFileReference; lastKnownFileType = text.plist.xml; path = Info.plist; sourceTree = "<group>"; };
		38A145622439815500A5425C /* Hero.swift */ = {isa = PBXFileReference; fileEncoding = 4; lastKnownFileType = sourcecode.swift; path = Hero.swift; sourceTree = "<group>"; };
		38A145632439815500A5425C /* Items.swift */ = {isa = PBXFileReference; fileEncoding = 4; lastKnownFileType = sourcecode.swift; path = Items.swift; sourceTree = "<group>"; };
		38A145642439815600A5425C /* Data.swift */ = {isa = PBXFileReference; fileEncoding = 4; lastKnownFileType = sourcecode.swift; path = Data.swift; sourceTree = "<group>"; };
		38A145652439815600A5425C /* Thumbnail.swift */ = {isa = PBXFileReference; fileEncoding = 4; lastKnownFileType = sourcecode.swift; path = Thumbnail.swift; sourceTree = "<group>"; };
		38A145662439815600A5425C /* Series.swift */ = {isa = PBXFileReference; fileEncoding = 4; lastKnownFileType = sourcecode.swift; path = Series.swift; sourceTree = "<group>"; };
		38A145672439815600A5425C /* Comics.swift */ = {isa = PBXFileReference; fileEncoding = 4; lastKnownFileType = sourcecode.swift; path = Comics.swift; sourceTree = "<group>"; };
		38A145682439815600A5425C /* MarvelObject.swift */ = {isa = PBXFileReference; fileEncoding = 4; lastKnownFileType = sourcecode.swift; path = MarvelObject.swift; sourceTree = "<group>"; };
		38A145702439859D00A5425C /* HeroesViewCell.swift */ = {isa = PBXFileReference; lastKnownFileType = sourcecode.swift; path = HeroesViewCell.swift; sourceTree = "<group>"; };
		756C0D168C1199276186D25A /* Pods-desafio-ios-caio-oliveira.release.xcconfig */ = {isa = PBXFileReference; includeInIndex = 1; lastKnownFileType = text.xcconfig; name = "Pods-desafio-ios-caio-oliveira.release.xcconfig"; path = "Target Support Files/Pods-desafio-ios-caio-oliveira/Pods-desafio-ios-caio-oliveira.release.xcconfig"; sourceTree = "<group>"; };
		76C65A7318E108F3A2132971 /* Pods-desafio-ios-caio-oliveira.debug.xcconfig */ = {isa = PBXFileReference; includeInIndex = 1; lastKnownFileType = text.xcconfig; name = "Pods-desafio-ios-caio-oliveira.debug.xcconfig"; path = "Target Support Files/Pods-desafio-ios-caio-oliveira/Pods-desafio-ios-caio-oliveira.debug.xcconfig"; sourceTree = "<group>"; };
/* End PBXFileReference section */

/* Begin PBXFrameworksBuildPhase section */
		38A145442439791400A5425C /* Frameworks */ = {
			isa = PBXFrameworksBuildPhase;
			buildActionMask = 2147483647;
			files = (
				07952DB62E71C677E969C48F /* Pods_desafio_ios_caio_oliveira.framework in Frameworks */,
			);
			runOnlyForDeploymentPostprocessing = 0;
		};
/* End PBXFrameworksBuildPhase section */

/* Begin PBXGroup section */
		38A1453E2439791400A5425C = {
			isa = PBXGroup;
			children = (
				38A145492439791400A5425C /* desafio-ios-caio-oliveira */,
				38A145482439791400A5425C /* Products */,
				E02E25B6182D3871D4288FBD /* Pods */,
				C4C3AE5C86B070EEF7A08F4A /* Frameworks */,
			);
			sourceTree = "<group>";
		};
		38A145482439791400A5425C /* Products */ = {
			isa = PBXGroup;
			children = (
				38A145472439791400A5425C /* desafio-ios-caio-oliveira.app */,
			);
			name = Products;
			sourceTree = "<group>";
		};
		38A145492439791400A5425C /* desafio-ios-caio-oliveira */ = {
			isa = PBXGroup;
			children = (
				38A145612439812300A5425C /* Storyboards */,
				38A145602439811300A5425C /* Views */,
				38A1455F2439810C00A5425C /* Model */,
				38A1455E2439810100A5425C /* Controllers */,
				38A1454A2439791400A5425C /* AppDelegate.swift */,
				38A1454C2439791400A5425C /* SceneDelegate.swift */,
				38A145532439791500A5425C /* Assets.xcassets */,
				38A145582439791500A5425C /* Info.plist */,
			);
			path = "desafio-ios-caio-oliveira";
			sourceTree = "<group>";
		};
		38A1455E2439810100A5425C /* Controllers */ = {
			isa = PBXGroup;
			children = (
				38A1454E2439791400A5425C /* ViewController.swift */,
			);
			path = Controllers;
			sourceTree = "<group>";
		};
		38A1455F2439810C00A5425C /* Model */ = {
			isa = PBXGroup;
			children = (
				38A145642439815600A5425C /* Data.swift */,
				38A145622439815500A5425C /* Hero.swift */,
				38A145632439815500A5425C /* Items.swift */,
				38A145682439815600A5425C /* MarvelObject.swift */,
				38A145672439815600A5425C /* Comics.swift */,
				38A145662439815600A5425C /* Series.swift */,
				38A145652439815600A5425C /* Thumbnail.swift */,
			);
			path = Model;
			sourceTree = "<group>";
		};
		38A145602439811300A5425C /* Views */ = {
			isa = PBXGroup;
			children = (
				38A145702439859D00A5425C /* HeroesViewCell.swift */,
			);
			path = Views;
			sourceTree = "<group>";
		};
		38A145612439812300A5425C /* Storyboards */ = {
			isa = PBXGroup;
			children = (
				38A145502439791400A5425C /* Main.storyboard */,
				38A145552439791500A5425C /* LaunchScreen.storyboard */,
			);
			path = Storyboards;
			sourceTree = "<group>";
		};
		C4C3AE5C86B070EEF7A08F4A /* Frameworks */ = {
			isa = PBXGroup;
			children = (
				180B80B659B2FC1281D0C586 /* Pods_desafio_ios_caio_oliveira.framework */,
			);
			name = Frameworks;
			sourceTree = "<group>";
		};
		E02E25B6182D3871D4288FBD /* Pods */ = {
			isa = PBXGroup;
			children = (
				76C65A7318E108F3A2132971 /* Pods-desafio-ios-caio-oliveira.debug.xcconfig */,
				756C0D168C1199276186D25A /* Pods-desafio-ios-caio-oliveira.release.xcconfig */,
			);
			path = Pods;
			sourceTree = "<group>";
		};
/* End PBXGroup section */

/* Begin PBXNativeTarget section */
		38A145462439791400A5425C /* desafio-ios-caio-oliveira */ = {
			isa = PBXNativeTarget;
			buildConfigurationList = 38A1455B2439791500A5425C /* Build configuration list for PBXNativeTarget "desafio-ios-caio-oliveira" */;
			buildPhases = (
				34AE95C6BAC3AECF6EAF5FF9 /* [CP] Check Pods Manifest.lock */,
				38A145432439791400A5425C /* Sources */,
				38A145442439791400A5425C /* Frameworks */,
				38A145452439791400A5425C /* Resources */,
				8EDF631E063621A831E250C9 /* [CP] Embed Pods Frameworks */,
			);
			buildRules = (
			);
			dependencies = (
			);
			name = "desafio-ios-caio-oliveira";
			productName = "desafio-ios-caio-oliveira";
			productReference = 38A145472439791400A5425C /* desafio-ios-caio-oliveira.app */;
			productType = "com.apple.product-type.application";
		};
/* End PBXNativeTarget section */

/* Begin PBXProject section */
		38A1453F2439791400A5425C /* Project object */ = {
			isa = PBXProject;
			attributes = {
				LastSwiftUpdateCheck = 1130;
				LastUpgradeCheck = 1130;
				ORGANIZATIONNAME = "Caio Oliveira";
				TargetAttributes = {
					38A145462439791400A5425C = {
						CreatedOnToolsVersion = 11.3.1;
					};
				};
			};
			buildConfigurationList = 38A145422439791400A5425C /* Build configuration list for PBXProject "desafio-ios-caio-oliveira" */;
			compatibilityVersion = "Xcode 9.3";
			developmentRegion = en;
			hasScannedForEncodings = 0;
			knownRegions = (
				en,
				Base,
			);
			mainGroup = 38A1453E2439791400A5425C;
			productRefGroup = 38A145482439791400A5425C /* Products */;
			projectDirPath = "";
			projectRoot = "";
			targets = (
				38A145462439791400A5425C /* desafio-ios-caio-oliveira */,
			);
		};
/* End PBXProject section */

/* Begin PBXResourcesBuildPhase section */
		38A145452439791400A5425C /* Resources */ = {
			isa = PBXResourcesBuildPhase;
			buildActionMask = 2147483647;
			files = (
				38A145572439791500A5425C /* LaunchScreen.storyboard in Resources */,
				38A145542439791500A5425C /* Assets.xcassets in Resources */,
				38A145522439791400A5425C /* Main.storyboard in Resources */,
			);
			runOnlyForDeploymentPostprocessing = 0;
		};
/* End PBXResourcesBuildPhase section */

/* Begin PBXShellScriptBuildPhase section */
		34AE95C6BAC3AECF6EAF5FF9 /* [CP] Check Pods Manifest.lock */ = {
			isa = PBXShellScriptBuildPhase;
			buildActionMask = 2147483647;
			files = (
			);
			inputFileListPaths = (
			);
			inputPaths = (
				"${PODS_PODFILE_DIR_PATH}/Podfile.lock",
				"${PODS_ROOT}/Manifest.lock",
			);
			name = "[CP] Check Pods Manifest.lock";
			outputFileListPaths = (
			);
			outputPaths = (
				"$(DERIVED_FILE_DIR)/Pods-desafio-ios-caio-oliveira-checkManifestLockResult.txt",
			);
			runOnlyForDeploymentPostprocessing = 0;
			shellPath = /bin/sh;
			shellScript = "diff \"${PODS_PODFILE_DIR_PATH}/Podfile.lock\" \"${PODS_ROOT}/Manifest.lock\" > /dev/null\nif [ $? != 0 ] ; then\n    # print error to STDERR\n    echo \"error: The sandbox is not in sync with the Podfile.lock. Run 'pod install' or update your CocoaPods installation.\" >&2\n    exit 1\nfi\n# This output is used by Xcode 'outputs' to avoid re-running this script phase.\necho \"SUCCESS\" > \"${SCRIPT_OUTPUT_FILE_0}\"\n";
			showEnvVarsInLog = 0;
		};
		8EDF631E063621A831E250C9 /* [CP] Embed Pods Frameworks */ = {
			isa = PBXShellScriptBuildPhase;
			buildActionMask = 2147483647;
			files = (
			);
			inputFileListPaths = (
				"${PODS_ROOT}/Target Support Files/Pods-desafio-ios-caio-oliveira/Pods-desafio-ios-caio-oliveira-frameworks-${CONFIGURATION}-input-files.xcfilelist",
			);
			name = "[CP] Embed Pods Frameworks";
			outputFileListPaths = (
				"${PODS_ROOT}/Target Support Files/Pods-desafio-ios-caio-oliveira/Pods-desafio-ios-caio-oliveira-frameworks-${CONFIGURATION}-output-files.xcfilelist",
			);
			runOnlyForDeploymentPostprocessing = 0;
			shellPath = /bin/sh;
			shellScript = "\"${PODS_ROOT}/Target Support Files/Pods-desafio-ios-caio-oliveira/Pods-desafio-ios-caio-oliveira-frameworks.sh\"\n";
			showEnvVarsInLog = 0;
		};
/* End PBXShellScriptBuildPhase section */

/* Begin PBXSourcesBuildPhase section */
		38A145432439791400A5425C /* Sources */ = {
			isa = PBXSourcesBuildPhase;
			buildActionMask = 2147483647;
			files = (
				38A145692439815600A5425C /* Hero.swift in Sources */,
				38A1456A2439815600A5425C /* Items.swift in Sources */,
				38A1456D2439815600A5425C /* Series.swift in Sources */,
				38A1454F2439791400A5425C /* ViewController.swift in Sources */,
				38A1454B2439791400A5425C /* AppDelegate.swift in Sources */,
				38A1456F2439815600A5425C /* MarvelObject.swift in Sources */,
				38A145712439859D00A5425C /* HeroesViewCell.swift in Sources */,
				38A1454D2439791400A5425C /* SceneDelegate.swift in Sources */,
				38A1456B2439815600A5425C /* Data.swift in Sources */,
				38A1456C2439815600A5425C /* Thumbnail.swift in Sources */,
				38A1456E2439815600A5425C /* Comics.swift in Sources */,
			);
			runOnlyForDeploymentPostprocessing = 0;
		};
/* End PBXSourcesBuildPhase section */

/* Begin PBXVariantGroup section */
		38A145502439791400A5425C /* Main.storyboard */ = {
			isa = PBXVariantGroup;
			children = (
				38A145512439791400A5425C /* Base */,
			);
			name = Main.storyboard;
			sourceTree = "<group>";
		};
		38A145552439791500A5425C /* LaunchScreen.storyboard */ = {
			isa = PBXVariantGroup;
			children = (
				38A145562439791500A5425C /* Base */,
			);
			name = LaunchScreen.storyboard;
			sourceTree = "<group>";
		};
/* End PBXVariantGroup section */

/* Begin XCBuildConfiguration section */
		38A145592439791500A5425C /* Debug */ = {
			isa = XCBuildConfiguration;
			buildSettings = {
				ALWAYS_SEARCH_USER_PATHS = NO;
				CLANG_ANALYZER_NONNULL = YES;
				CLANG_ANALYZER_NUMBER_OBJECT_CONVERSION = YES_AGGRESSIVE;
				CLANG_CXX_LANGUAGE_STANDARD = "gnu++14";
				CLANG_CXX_LIBRARY = "libc++";
				CLANG_ENABLE_MODULES = YES;
				CLANG_ENABLE_OBJC_ARC = YES;
				CLANG_ENABLE_OBJC_WEAK = YES;
				CLANG_WARN_BLOCK_CAPTURE_AUTORELEASING = YES;
				CLANG_WARN_BOOL_CONVERSION = YES;
				CLANG_WARN_COMMA = YES;
				CLANG_WARN_CONSTANT_CONVERSION = YES;
				CLANG_WARN_DEPRECATED_OBJC_IMPLEMENTATIONS = YES;
				CLANG_WARN_DIRECT_OBJC_ISA_USAGE = YES_ERROR;
				CLANG_WARN_DOCUMENTATION_COMMENTS = YES;
				CLANG_WARN_EMPTY_BODY = YES;
				CLANG_WARN_ENUM_CONVERSION = YES;
				CLANG_WARN_INFINITE_RECURSION = YES;
				CLANG_WARN_INT_CONVERSION = YES;
				CLANG_WARN_NON_LITERAL_NULL_CONVERSION = YES;
				CLANG_WARN_OBJC_IMPLICIT_RETAIN_SELF = YES;
				CLANG_WARN_OBJC_LITERAL_CONVERSION = YES;
				CLANG_WARN_OBJC_ROOT_CLASS = YES_ERROR;
				CLANG_WARN_RANGE_LOOP_ANALYSIS = YES;
				CLANG_WARN_STRICT_PROTOTYPES = YES;
				CLANG_WARN_SUSPICIOUS_MOVE = YES;
				CLANG_WARN_UNGUARDED_AVAILABILITY = YES_AGGRESSIVE;
				CLANG_WARN_UNREACHABLE_CODE = YES;
				CLANG_WARN__DUPLICATE_METHOD_MATCH = YES;
				COPY_PHASE_STRIP = NO;
				DEBUG_INFORMATION_FORMAT = dwarf;
				ENABLE_STRICT_OBJC_MSGSEND = YES;
				ENABLE_TESTABILITY = YES;
				GCC_C_LANGUAGE_STANDARD = gnu11;
				GCC_DYNAMIC_NO_PIC = NO;
				GCC_NO_COMMON_BLOCKS = YES;
				GCC_OPTIMIZATION_LEVEL = 0;
				GCC_PREPROCESSOR_DEFINITIONS = (
					"DEBUG=1",
					"$(inherited)",
				);
				GCC_WARN_64_TO_32_BIT_CONVERSION = YES;
				GCC_WARN_ABOUT_RETURN_TYPE = YES_ERROR;
				GCC_WARN_UNDECLARED_SELECTOR = YES;
				GCC_WARN_UNINITIALIZED_AUTOS = YES_AGGRESSIVE;
				GCC_WARN_UNUSED_FUNCTION = YES;
				GCC_WARN_UNUSED_VARIABLE = YES;
				IPHONEOS_DEPLOYMENT_TARGET = 13.2;
				MTL_ENABLE_DEBUG_INFO = INCLUDE_SOURCE;
				MTL_FAST_MATH = YES;
				ONLY_ACTIVE_ARCH = YES;
				SDKROOT = iphoneos;
				SWIFT_ACTIVE_COMPILATION_CONDITIONS = DEBUG;
				SWIFT_OPTIMIZATION_LEVEL = "-Onone";
			};
			name = Debug;
		};
		38A1455A2439791500A5425C /* Release */ = {
			isa = XCBuildConfiguration;
			buildSettings = {
				ALWAYS_SEARCH_USER_PATHS = NO;
				CLANG_ANALYZER_NONNULL = YES;
				CLANG_ANALYZER_NUMBER_OBJECT_CONVERSION = YES_AGGRESSIVE;
				CLANG_CXX_LANGUAGE_STANDARD = "gnu++14";
				CLANG_CXX_LIBRARY = "libc++";
				CLANG_ENABLE_MODULES = YES;
				CLANG_ENABLE_OBJC_ARC = YES;
				CLANG_ENABLE_OBJC_WEAK = YES;
				CLANG_WARN_BLOCK_CAPTURE_AUTORELEASING = YES;
				CLANG_WARN_BOOL_CONVERSION = YES;
				CLANG_WARN_COMMA = YES;
				CLANG_WARN_CONSTANT_CONVERSION = YES;
				CLANG_WARN_DEPRECATED_OBJC_IMPLEMENTATIONS = YES;
				CLANG_WARN_DIRECT_OBJC_ISA_USAGE = YES_ERROR;
				CLANG_WARN_DOCUMENTATION_COMMENTS = YES;
				CLANG_WARN_EMPTY_BODY = YES;
				CLANG_WARN_ENUM_CONVERSION = YES;
				CLANG_WARN_INFINITE_RECURSION = YES;
				CLANG_WARN_INT_CONVERSION = YES;
				CLANG_WARN_NON_LITERAL_NULL_CONVERSION = YES;
				CLANG_WARN_OBJC_IMPLICIT_RETAIN_SELF = YES;
				CLANG_WARN_OBJC_LITERAL_CONVERSION = YES;
				CLANG_WARN_OBJC_ROOT_CLASS = YES_ERROR;
				CLANG_WARN_RANGE_LOOP_ANALYSIS = YES;
				CLANG_WARN_STRICT_PROTOTYPES = YES;
				CLANG_WARN_SUSPICIOUS_MOVE = YES;
				CLANG_WARN_UNGUARDED_AVAILABILITY = YES_AGGRESSIVE;
				CLANG_WARN_UNREACHABLE_CODE = YES;
				CLANG_WARN__DUPLICATE_METHOD_MATCH = YES;
				COPY_PHASE_STRIP = NO;
				DEBUG_INFORMATION_FORMAT = "dwarf-with-dsym";
				ENABLE_NS_ASSERTIONS = NO;
				ENABLE_STRICT_OBJC_MSGSEND = YES;
				GCC_C_LANGUAGE_STANDARD = gnu11;
				GCC_NO_COMMON_BLOCKS = YES;
				GCC_WARN_64_TO_32_BIT_CONVERSION = YES;
				GCC_WARN_ABOUT_RETURN_TYPE = YES_ERROR;
				GCC_WARN_UNDECLARED_SELECTOR = YES;
				GCC_WARN_UNINITIALIZED_AUTOS = YES_AGGRESSIVE;
				GCC_WARN_UNUSED_FUNCTION = YES;
				GCC_WARN_UNUSED_VARIABLE = YES;
				IPHONEOS_DEPLOYMENT_TARGET = 13.2;
				MTL_ENABLE_DEBUG_INFO = NO;
				MTL_FAST_MATH = YES;
				SDKROOT = iphoneos;
				SWIFT_COMPILATION_MODE = wholemodule;
				SWIFT_OPTIMIZATION_LEVEL = "-O";
				VALIDATE_PRODUCT = YES;
			};
			name = Release;
		};
		38A1455C2439791500A5425C /* Debug */ = {
			isa = XCBuildConfiguration;
			baseConfigurationReference = 76C65A7318E108F3A2132971 /* Pods-desafio-ios-caio-oliveira.debug.xcconfig */;
			buildSettings = {
				ASSETCATALOG_COMPILER_APPICON_NAME = AppIcon;
				CODE_SIGN_STYLE = Automatic;
				INFOPLIST_FILE = "desafio-ios-caio-oliveira/Info.plist";
				LD_RUNPATH_SEARCH_PATHS = (
					"$(inherited)",
					"@executable_path/Frameworks",
				);
				PRODUCT_BUNDLE_IDENTIFIER = "com.caiowei.desafio-ios-caio-oliveira";
				PRODUCT_NAME = "$(TARGET_NAME)";
				SWIFT_VERSION = 5.0;
				TARGETED_DEVICE_FAMILY = "1,2";
			};
			name = Debug;
		};
		38A1455D2439791500A5425C /* Release */ = {
			isa = XCBuildConfiguration;
			baseConfigurationReference = 756C0D168C1199276186D25A /* Pods-desafio-ios-caio-oliveira.release.xcconfig */;
			buildSettings = {
				ASSETCATALOG_COMPILER_APPICON_NAME = AppIcon;
				CODE_SIGN_STYLE = Automatic;
				INFOPLIST_FILE = "desafio-ios-caio-oliveira/Info.plist";
				LD_RUNPATH_SEARCH_PATHS = (
					"$(inherited)",
					"@executable_path/Frameworks",
				);
				PRODUCT_BUNDLE_IDENTIFIER = "com.caiowei.desafio-ios-caio-oliveira";
				PRODUCT_NAME = "$(TARGET_NAME)";
				SWIFT_VERSION = 5.0;
				TARGETED_DEVICE_FAMILY = "1,2";
			};
			name = Release;
		};
/* End XCBuildConfiguration section */

/* Begin XCConfigurationList section */
		38A145422439791400A5425C /* Build configuration list for PBXProject "desafio-ios-caio-oliveira" */ = {
			isa = XCConfigurationList;
			buildConfigurations = (
				38A145592439791500A5425C /* Debug */,
				38A1455A2439791500A5425C /* Release */,
			);
			defaultConfigurationIsVisible = 0;
			defaultConfigurationName = Release;
		};
		38A1455B2439791500A5425C /* Build configuration list for PBXNativeTarget "desafio-ios-caio-oliveira" */ = {
			isa = XCConfigurationList;
			buildConfigurations = (
				38A1455C2439791500A5425C /* Debug */,
				38A1455D2439791500A5425C /* Release */,
			);
			defaultConfigurationIsVisible = 0;
			defaultConfigurationName = Release;
		};
/* End XCConfigurationList section */
	};
	rootObject = 38A1453F2439791400A5425C /* Project object */;
}
